
Microsoft Visual Studio Solution File, Format Version 12.00
# Visual Studio Version 17
VisualStudioVersion = 17.0.31903.59
MinimumVisualStudioVersion = 10.0.40219.1
Project("{2150E333-8FDC-42A3-9474-1A3956D46DE8}") = "backend", "backend", "{1AE8ACA6-933B-BF2A-3671-3E2EAC007D16}"
EndProject
Project("{FAE04EC0-301F-11D3-BF4B-00C04F79EFBC}") = "api", "backend\api\api.csproj", "{3C2EB767-2F6B-41DD-8A2E-5E66CE4C491D}"
EndProject
Project("{FAE04EC0-301F-11D3-BF4B-00C04F79EFBC}") = "domain", "backend\domain\domain.csproj", "{6F3CC8DF-C2E9-4202-A665-66B47E842D0B}"
EndProject
Project("{FAE04EC0-301F-11D3-BF4B-00C04F79EFBC}") = "services", "backend\services\services.csproj", "{859FA07C-8611-4D0B-9468-412938F7488A}"
EndProject
Project("{FAE04EC0-301F-11D3-BF4B-00C04F79EFBC}") = "infrastructure", "backend\infrastructure\infrastructure.csproj", "{B1435FDC-A3F7-4D42-AE31-DE71F74F9654}"
EndProject
Global
	GlobalSection(SolutionConfigurationPlatforms) = preSolution
		Debug|Any CPU = Debug|Any CPU
		Debug|x64 = Debug|x64
		Debug|x86 = Debug|x86
		Release|Any CPU = Release|Any CPU
		Release|x64 = Release|x64
		Release|x86 = Release|x86
	EndGlobalSection
	GlobalSection(ProjectConfigurationPlatforms) = postSolution
		{3C2EB767-2F6B-41DD-8A2E-5E66CE4C491D}.Debug|Any CPU.ActiveCfg = Debug|Any CPU
		{3C2EB767-2F6B-41DD-8A2E-5E66CE4C491D}.Debug|Any CPU.Build.0 = Debug|Any CPU
		{3C2EB767-2F6B-41DD-8A2E-5E66CE4C491D}.Debug|x64.ActiveCfg = Debug|Any CPU
		{3C2EB767-2F6B-41DD-8A2E-5E66CE4C491D}.Debug|x64.Build.0 = Debug|Any CPU
		{3C2EB767-2F6B-41DD-8A2E-5E66CE4C491D}.Debug|x86.ActiveCfg = Debug|Any CPU
		{3C2EB767-2F6B-41DD-8A2E-5E66CE4C491D}.Debug|x86.Build.0 = Debug|Any CPU
		{3C2EB767-2F6B-41DD-8A2E-5E66CE4C491D}.Release|Any CPU.ActiveCfg = Release|Any CPU
		{3C2EB767-2F6B-41DD-8A2E-5E66CE4C491D}.Release|Any CPU.Build.0 = Release|Any CPU
		{3C2EB767-2F6B-41DD-8A2E-5E66CE4C491D}.Release|x64.ActiveCfg = Release|Any CPU
		{3C2EB767-2F6B-41DD-8A2E-5E66CE4C491D}.Release|x64.Build.0 = Release|Any CPU
		{3C2EB767-2F6B-41DD-8A2E-5E66CE4C491D}.Release|x86.ActiveCfg = Release|Any CPU
		{3C2EB767-2F6B-41DD-8A2E-5E66CE4C491D}.Release|x86.Build.0 = Release|Any CPU
		{6F3CC8DF-C2E9-4202-A665-66B47E842D0B}.Debug|Any CPU.ActiveCfg = Debug|Any CPU
		{6F3CC8DF-C2E9-4202-A665-66B47E842D0B}.Debug|Any CPU.Build.0 = Debug|Any CPU
		{6F3CC8DF-C2E9-4202-A665-66B47E842D0B}.Debug|x64.ActiveCfg = Debug|Any CPU
		{6F3CC8DF-C2E9-4202-A665-66B47E842D0B}.Debug|x64.Build.0 = Debug|Any CPU
		{6F3CC8DF-C2E9-4202-A665-66B47E842D0B}.Debug|x86.ActiveCfg = Debug|Any CPU
		{6F3CC8DF-C2E9-4202-A665-66B47E842D0B}.Debug|x86.Build.0 = Debug|Any CPU
		{6F3CC8DF-C2E9-4202-A665-66B47E842D0B}.Release|Any CPU.ActiveCfg = Release|Any CPU
		{6F3CC8DF-C2E9-4202-A665-66B47E842D0B}.Release|Any CPU.Build.0 = Release|Any CPU
		{6F3CC8DF-C2E9-4202-A665-66B47E842D0B}.Release|x64.ActiveCfg = Release|Any CPU
		{6F3CC8DF-C2E9-4202-A665-66B47E842D0B}.Release|x64.Build.0 = Release|Any CPU
		{6F3CC8DF-C2E9-4202-A665-66B47E842D0B}.Release|x86.ActiveCfg = Release|Any CPU
		{6F3CC8DF-C2E9-4202-A665-66B47E842D0B}.Release|x86.Build.0 = Release|Any CPU
		{859FA07C-8611-4D0B-9468-412938F7488A}.Debug|Any CPU.ActiveCfg = Debug|Any CPU
		{859FA07C-8611-4D0B-9468-412938F7488A}.Debug|Any CPU.Build.0 = Debug|Any CPU
		{859FA07C-8611-4D0B-9468-412938F7488A}.Debug|x64.ActiveCfg = Debug|Any CPU
		{859FA07C-8611-4D0B-9468-412938F7488A}.Debug|x64.Build.0 = Debug|Any CPU
		{859FA07C-8611-4D0B-9468-412938F7488A}.Debug|x86.ActiveCfg = Debug|Any CPU
		{859FA07C-8611-4D0B-9468-412938F7488A}.Debug|x86.Build.0 = Debug|Any CPU
		{859FA07C-8611-4D0B-9468-412938F7488A}.Release|Any CPU.ActiveCfg = Release|Any CPU
		{859FA07C-8611-4D0B-9468-412938F7488A}.Release|Any CPU.Build.0 = Release|Any CPU
		{859FA07C-8611-4D0B-9468-412938F7488A}.Release|x64.ActiveCfg = Release|Any CPU
		{859FA07C-8611-4D0B-9468-412938F7488A}.Release|x64.Build.0 = Release|Any CPU
		{859FA07C-8611-4D0B-9468-412938F7488A}.Release|x86.ActiveCfg = Release|Any CPU
		{859FA07C-8611-4D0B-9468-412938F7488A}.Release|x86.Build.0 = Release|Any CPU
		{B1435FDC-A3F7-4D42-AE31-DE71F74F9654}.Debug|Any CPU.ActiveCfg = Debug|Any CPU
		{B1435FDC-A3F7-4D42-AE31-DE71F74F9654}.Debug|Any CPU.Build.0 = Debug|Any CPU
		{B1435FDC-A3F7-4D42-AE31-DE71F74F9654}.Debug|x64.ActiveCfg = Debug|Any CPU
		{B1435FDC-A3F7-4D42-AE31-DE71F74F9654}.Debug|x64.Build.0 = Debug|Any CPU
		{B1435FDC-A3F7-4D42-AE31-DE71F74F9654}.Debug|x86.ActiveCfg = Debug|Any CPU
		{B1435FDC-A3F7-4D42-AE31-DE71F74F9654}.Debug|x86.Build.0 = Debug|Any CPU
		{B1435FDC-A3F7-4D42-AE31-DE71F74F9654}.Release|Any CPU.ActiveCfg = Release|Any CPU
		{B1435FDC-A3F7-4D42-AE31-DE71F74F9654}.Release|Any CPU.Build.0 = Release|Any CPU
		{B1435FDC-A3F7-4D42-AE31-DE71F74F9654}.Release|x64.ActiveCfg = Release|Any CPU
		{B1435FDC-A3F7-4D42-AE31-DE71F74F9654}.Release|x64.Build.0 = Release|Any CPU
		{B1435FDC-A3F7-4D42-AE31-DE71F74F9654}.Release|x86.ActiveCfg = Release|Any CPU
		{B1435FDC-A3F7-4D42-AE31-DE71F74F9654}.Release|x86.Build.0 = Release|Any CPU
	EndGlobalSection
	GlobalSection(SolutionProperties) = preSolution
		HideSolutionNode = FALSE
	EndGlobalSection
	GlobalSection(NestedProjects) = preSolution
		{3C2EB767-2F6B-41DD-8A2E-5E66CE4C491D} = {1AE8ACA6-933B-BF2A-3671-3E2EAC007D16}
		{6F3CC8DF-C2E9-4202-A665-66B47E842D0B} = {1AE8ACA6-933B-BF2A-3671-3E2EAC007D16}
		{859FA07C-8611-4D0B-9468-412938F7488A} = {1AE8ACA6-933B-BF2A-3671-3E2EAC007D16}
		{B1435FDC-A3F7-4D42-AE31-DE71F74F9654} = {1AE8ACA6-933B-BF2A-3671-3E2EAC007D16}
	EndGlobalSection
EndGlobal
